// !$*UTF8*$!
{
	archiveVersion = 1;
	classes = {
	};
	objectVersion = 46;
	objects = {

/* Begin PBXBuildFile section */
		C741A6D91AEA366D00051A3C /* 1008nomaSlab.csv in Resources */ = {isa = PBXBuildFile; fileRef = C741A6D61AEA366D00051A3C /* 1008nomaSlab.csv */; };
		C741A6DA1AEA366D00051A3C /* 101218nishi-muranaka_chaos.csv in Resources */ = {isa = PBXBuildFile; fileRef = C741A6D71AEA366D00051A3C /* 101218nishi-muranaka_chaos.csv */; };
		C741A6DB1AEA366D00051A3C /* nishi_sabun_40_2013-12-26-16-27.csv in Resources */ = {isa = PBXBuildFile; fileRef = C741A6D81AEA366D00051A3C /* nishi_sabun_40_2013-12-26-16-27.csv */; };
		C7CBBD6A1ADE130000C82917 /* main.m in Sources */ = {isa = PBXBuildFile; fileRef = C7CBBD691ADE12FF00C82917 /* main.m */; };
		C7CBBD6D1ADE130000C82917 /* AppDelegate.m in Sources */ = {isa = PBXBuildFile; fileRef = C7CBBD6C1ADE130000C82917 /* AppDelegate.m */; };
		C7CBBD701ADE130000C82917 /* ViewController.m in Sources */ = {isa = PBXBuildFile; fileRef = C7CBBD6F1ADE130000C82917 /* ViewController.m */; };
		C7CBBD731ADE130000C82917 /* Main.storyboard in Resources */ = {isa = PBXBuildFile; fileRef = C7CBBD711ADE130000C82917 /* Main.storyboard */; };
		C7CBBD751ADE130000C82917 /* Images.xcassets in Resources */ = {isa = PBXBuildFile; fileRef = C7CBBD741ADE130000C82917 /* Images.xcassets */; };
		C7CBBD781ADE130000C82917 /* LaunchScreen.xib in Resources */ = {isa = PBXBuildFile; fileRef = C7CBBD761ADE130000C82917 /* LaunchScreen.xib */; };
		C7CBBD841ADE130000C82917 /* FingerTouchingArpeggiatorTests.m in Sources */ = {isa = PBXBuildFile; fileRef = C7CBBD831ADE130000C82917 /* FingerTouchingArpeggiatorTests.m */; };
		C7CBBD911ADFAD2700C82917 /* Default-568h@2x.png in Resources */ = {isa = PBXBuildFile; fileRef = C7CBBD8E1ADFAD2700C82917 /* Default-568h@2x.png */; };
		C7CBBD921ADFAD2700C82917 /* Default-667h@2x.png in Resources */ = {isa = PBXBuildFile; fileRef = C7CBBD8F1ADFAD2700C82917 /* Default-667h@2x.png */; };
		C7CBBD931ADFAD2700C82917 /* Default-736h@3x.png in Resources */ = {isa = PBXBuildFile; fileRef = C7CBBD901ADFAD2700C82917 /* Default-736h@3x.png */; };
/* End PBXBuildFile section */

/* Begin PBXContainerItemProxy section */
		C7CBBD7E1ADE130000C82917 /* PBXContainerItemProxy */ = {
			isa = PBXContainerItemProxy;
			containerPortal = C7CBBD5C1ADE12FF00C82917 /* Project object */;
			proxyType = 1;
			remoteGlobalIDString = C7CBBD631ADE12FF00C82917;
			remoteInfo = FingerTouchingArpeggiator;
		};
/* End PBXContainerItemProxy section */

/* Begin PBXFileReference section */
		C741A6D61AEA366D00051A3C /* 1008nomaSlab.csv */ = {isa = PBXFileReference; fileEncoding = 4; lastKnownFileType = text; path = 1008nomaSlab.csv; sourceTree = "<group>"; };
		C741A6D71AEA366D00051A3C /* 101218nishi-muranaka_chaos.csv */ = {isa = PBXFileReference; fileEncoding = 4; lastKnownFileType = text; path = "101218nishi-muranaka_chaos.csv"; sourceTree = "<group>"; };
		C741A6D81AEA366D00051A3C /* nishi_sabun_40_2013-12-26-16-27.csv */ = {isa = PBXFileReference; fileEncoding = 4; lastKnownFileType = text; path = "nishi_sabun_40_2013-12-26-16-27.csv"; sourceTree = "<group>"; };
		C7CBBD641ADE12FF00C82917 /* FingerTouchingArpeggiator.app */ = {isa = PBXFileReference; explicitFileType = wrapper.application; includeInIndex = 0; path = FingerTouchingArpeggiator.app; sourceTree = BUILT_PRODUCTS_DIR; };
		C7CBBD681ADE12FF00C82917 /* Info.plist */ = {isa = PBXFileReference; lastKnownFileType = text.plist.xml; path = Info.plist; sourceTree = "<group>"; };
		C7CBBD691ADE12FF00C82917 /* main.m */ = {isa = PBXFileReference; lastKnownFileType = sourcecode.c.objc; path = main.m; sourceTree = "<group>"; };
		C7CBBD6B1ADE130000C82917 /* AppDelegate.h */ = {isa = PBXFileReference; lastKnownFileType = sourcecode.c.h; path = AppDelegate.h; sourceTree = "<group>"; };
		C7CBBD6C1ADE130000C82917 /* AppDelegate.m */ = {isa = PBXFileReference; lastKnownFileType = sourcecode.c.objc; path = AppDelegate.m; sourceTree = "<group>"; };
		C7CBBD6E1ADE130000C82917 /* ViewController.h */ = {isa = PBXFileReference; lastKnownFileType = sourcecode.c.h; path = ViewController.h; sourceTree = "<group>"; };
		C7CBBD6F1ADE130000C82917 /* ViewController.m */ = {isa = PBXFileReference; lastKnownFileType = sourcecode.c.objc; path = ViewController.m; sourceTree = "<group>"; };
		C7CBBD721ADE130000C82917 /* Base */ = {isa = PBXFileReference; lastKnownFileType = file.storyboard; name = Base; path = Base.lproj/Main.storyboard; sourceTree = "<group>"; };
		C7CBBD741ADE130000C82917 /* Images.xcassets */ = {isa = PBXFileReference; lastKnownFileType = folder.assetcatalog; path = Images.xcassets; sourceTree = "<group>"; };
		C7CBBD771ADE130000C82917 /* Base */ = {isa = PBXFileReference; lastKnownFileType = file.xib; name = Base; path = Base.lproj/LaunchScreen.xib; sourceTree = "<group>"; };
		C7CBBD7D1ADE130000C82917 /* FingerTouchingArpeggiatorTests.xctest */ = {isa = PBXFileReference; explicitFileType = wrapper.cfbundle; includeInIndex = 0; path = FingerTouchingArpeggiatorTests.xctest; sourceTree = BUILT_PRODUCTS_DIR; };
		C7CBBD821ADE130000C82917 /* Info.plist */ = {isa = PBXFileReference; lastKnownFileType = text.plist.xml; path = Info.plist; sourceTree = "<group>"; };
		C7CBBD831ADE130000C82917 /* FingerTouchingArpeggiatorTests.m */ = {isa = PBXFileReference; lastKnownFileType = sourcecode.c.objc; path = FingerTouchingArpeggiatorTests.m; sourceTree = "<group>"; };
		C7CBBD8E1ADFAD2700C82917 /* Default-568h@2x.png */ = {isa = PBXFileReference; lastKnownFileType = image.png; path = "Default-568h@2x.png"; sourceTree = "<group>"; };
		C7CBBD8F1ADFAD2700C82917 /* Default-667h@2x.png */ = {isa = PBXFileReference; lastKnownFileType = image.png; path = "Default-667h@2x.png"; sourceTree = "<group>"; };
		C7CBBD901ADFAD2700C82917 /* Default-736h@3x.png */ = {isa = PBXFileReference; lastKnownFileType = image.png; path = "Default-736h@3x.png"; sourceTree = "<group>"; };
/* End PBXFileReference section */

/* Begin PBXFrameworksBuildPhase section */
		C7CBBD611ADE12FF00C82917 /* Frameworks */ = {
			isa = PBXFrameworksBuildPhase;
			buildActionMask = 2147483647;
			files = (
			);
			runOnlyForDeploymentPostprocessing = 0;
		};
		C7CBBD7A1ADE130000C82917 /* Frameworks */ = {
			isa = PBXFrameworksBuildPhase;
			buildActionMask = 2147483647;
			files = (
			);
			runOnlyForDeploymentPostprocessing = 0;
		};
/* End PBXFrameworksBuildPhase section */

/* Begin PBXGroup section */
		C7CBBD5B1ADE12FF00C82917 = {
			isa = PBXGroup;
			children = (
				C7CBBD661ADE12FF00C82917 /* FingerTouchingArpeggiator */,
				C7CBBD801ADE130000C82917 /* FingerTouchingArpeggiatorTests */,
				C7CBBD651ADE12FF00C82917 /* Products */,
			);
			sourceTree = "<group>";
		};
		C7CBBD651ADE12FF00C82917 /* Products */ = {
			isa = PBXGroup;
			children = (
				C7CBBD641ADE12FF00C82917 /* FingerTouchingArpeggiator.app */,
				C7CBBD7D1ADE130000C82917 /* FingerTouchingArpeggiatorTests.xctest */,
			);
			name = Products;
			sourceTree = "<group>";
		};
		C7CBBD661ADE12FF00C82917 /* FingerTouchingArpeggiator */ = {
			isa = PBXGroup;
			children = (
				C7CBBD6B1ADE130000C82917 /* AppDelegate.h */,
				C7CBBD6C1ADE130000C82917 /* AppDelegate.m */,
				C7CBBD6E1ADE130000C82917 /* ViewController.h */,
				C7CBBD6F1ADE130000C82917 /* ViewController.m */,
				C7CBBD711ADE130000C82917 /* Main.storyboard */,
				C7CBBD741ADE130000C82917 /* Images.xcassets */,
				C7CBBD761ADE130000C82917 /* LaunchScreen.xib */,
				C7CBBD671ADE12FF00C82917 /* Supporting Files */,
			);
			path = FingerTouchingArpeggiator;
			sourceTree = "<group>";
		};
		C7CBBD671ADE12FF00C82917 /* Supporting Files */ = {
			isa = PBXGroup;
			children = (
				C741A6D61AEA366D00051A3C /* 1008nomaSlab.csv */,
				C741A6D71AEA366D00051A3C /* 101218nishi-muranaka_chaos.csv */,
				C741A6D81AEA366D00051A3C /* nishi_sabun_40_2013-12-26-16-27.csv */,
				C7CBBD681ADE12FF00C82917 /* Info.plist */,
				C7CBBD691ADE12FF00C82917 /* main.m */,
				C7CBBD8D1ADFAD2700C82917 /* Defaults */,
			);
			name = "Supporting Files";
			sourceTree = "<group>";
		};
		C7CBBD801ADE130000C82917 /* FingerTouchingArpeggiatorTests */ = {
			isa = PBXGroup;
			children = (
				C7CBBD831ADE130000C82917 /* FingerTouchingArpeggiatorTests.m */,
				C7CBBD811ADE130000C82917 /* Supporting Files */,
			);
			path = FingerTouchingArpeggiatorTests;
			sourceTree = "<group>";
		};
		C7CBBD811ADE130000C82917 /* Supporting Files */ = {
			isa = PBXGroup;
			children = (
				C7CBBD821ADE130000C82917 /* Info.plist */,
			);
			name = "Supporting Files";
			sourceTree = "<group>";
		};
		C7CBBD8D1ADFAD2700C82917 /* Defaults */ = {
			isa = PBXGroup;
			children = (
				C7CBBD8E1ADFAD2700C82917 /* Default-568h@2x.png */,
				C7CBBD8F1ADFAD2700C82917 /* Default-667h@2x.png */,
				C7CBBD901ADFAD2700C82917 /* Default-736h@3x.png */,
			);
			path = Defaults;
			sourceTree = "<group>";
		};
/* End PBXGroup section */

/* Begin PBXNativeTarget section */
		C7CBBD631ADE12FF00C82917 /* FingerTouchingArpeggiator */ = {
			isa = PBXNativeTarget;
			buildConfigurationList = C7CBBD871ADE130000C82917 /* Build configuration list for PBXNativeTarget "FingerTouchingArpeggiator" */;
			buildPhases = (
				C7CBBD601ADE12FF00C82917 /* Sources */,
				C7CBBD611ADE12FF00C82917 /* Frameworks */,
				C7CBBD621ADE12FF00C82917 /* Resources */,
			);
			buildRules = (
			);
			dependencies = (
			);
			name = FingerTouchingArpeggiator;
			productName = FingerTouchingArpeggiator;
			productReference = C7CBBD641ADE12FF00C82917 /* FingerTouchingArpeggiator.app */;
			productType = "com.apple.product-type.application";
		};
		C7CBBD7C1ADE130000C82917 /* FingerTouchingArpeggiatorTests */ = {
			isa = PBXNativeTarget;
			buildConfigurationList = C7CBBD8A1ADE130000C82917 /* Build configuration list for PBXNativeTarget "FingerTouchingArpeggiatorTests" */;
			buildPhases = (
				C7CBBD791ADE130000C82917 /* Sources */,
				C7CBBD7A1ADE130000C82917 /* Frameworks */,
				C7CBBD7B1ADE130000C82917 /* Resources */,
			);
			buildRules = (
			);
			dependencies = (
				C7CBBD7F1ADE130000C82917 /* PBXTargetDependency */,
			);
			name = FingerTouchingArpeggiatorTests;
			productName = FingerTouchingArpeggiatorTests;
			productReference = C7CBBD7D1ADE130000C82917 /* FingerTouchingArpeggiatorTests.xctest */;
			productType = "com.apple.product-type.bundle.unit-test";
		};
/* End PBXNativeTarget section */

/* Begin PBXProject section */
		C7CBBD5C1ADE12FF00C82917 /* Project object */ = {
			isa = PBXProject;
			attributes = {
				LastUpgradeCheck = 0620;
				ORGANIZATIONNAME = kztskawamu;
				TargetAttributes = {
					C7CBBD631ADE12FF00C82917 = {
						CreatedOnToolsVersion = 6.2;
						DevelopmentTeam = Y8XE99ZXF4;
					};
					C7CBBD7C1ADE130000C82917 = {
						CreatedOnToolsVersion = 6.2;
						TestTargetID = C7CBBD631ADE12FF00C82917;
					};
				};
			};
			buildConfigurationList = C7CBBD5F1ADE12FF00C82917 /* Build configuration list for PBXProject "FingerTouchingArpeggiator" */;
			compatibilityVersion = "Xcode 3.2";
			developmentRegion = English;
			hasScannedForEncodings = 0;
			knownRegions = (
				en,
				Base,
			);
			mainGroup = C7CBBD5B1ADE12FF00C82917;
			productRefGroup = C7CBBD651ADE12FF00C82917 /* Products */;
			projectDirPath = "";
			projectRoot = "";
			targets = (
				C7CBBD631ADE12FF00C82917 /* FingerTouchingArpeggiator */,
				C7CBBD7C1ADE130000C82917 /* FingerTouchingArpeggiatorTests */,
			);
		};
/* End PBXProject section */

/* Begin PBXResourcesBuildPhase section */
		C7CBBD621ADE12FF00C82917 /* Resources */ = {
			isa = PBXResourcesBuildPhase;
			buildActionMask = 2147483647;
			files = (
				C7CBBD731ADE130000C82917 /* Main.storyboard in Resources */,
				C7CBBD911ADFAD2700C82917 /* Default-568h@2x.png in Resources */,
				C741A6DA1AEA366D00051A3C /* 101218nishi-muranaka_chaos.csv in Resources */,
				C7CBBD781ADE130000C82917 /* LaunchScreen.xib in Resources */,
				C741A6D91AEA366D00051A3C /* 1008nomaSlab.csv in Resources */,
				C7CBBD751ADE130000C82917 /* Images.xcassets in Resources */,
				C741A6DB1AEA366D00051A3C /* nishi_sabun_40_2013-12-26-16-27.csv in Resources */,
				C7CBBD921ADFAD2700C82917 /* Default-667h@2x.png in Resources */,
				C7CBBD931ADFAD2700C82917 /* Default-736h@3x.png in Resources */,
			);
			runOnlyForDeploymentPostprocessing = 0;
		};
		C7CBBD7B1ADE130000C82917 /* Resources */ = {
			isa = PBXResourcesBuildPhase;
			buildActionMask = 2147483647;
			files = (
			);
			runOnlyForDeploymentPostprocessing = 0;
		};
/* End PBXResourcesBuildPhase section */

/* Begin PBXSourcesBuildPhase section */
		C7CBBD601ADE12FF00C82917 /* Sources */ = {
			isa = PBXSourcesBuildPhase;
			buildActionMask = 2147483647;
			files = (
				C7CBBD701ADE130000C82917 /* ViewController.m in Sources */,
				C7CBBD6D1ADE130000C82917 /* AppDelegate.m in Sources */,
				C7CBBD6A1ADE130000C82917 /* main.m in Sources */,
			);
			runOnlyForDeploymentPostprocessing = 0;
		};
		C7CBBD791ADE130000C82917 /* Sources */ = {
			isa = PBXSourcesBuildPhase;
			buildActionMask = 2147483647;
			files = (
				C7CBBD841ADE130000C82917 /* FingerTouchingArpeggiatorTests.m in Sources */,
			);
			runOnlyForDeploymentPostprocessing = 0;
		};
/* End PBXSourcesBuildPhase section */

/* Begin PBXTargetDependency section */
		C7CBBD7F1ADE130000C82917 /* PBXTargetDependency */ = {
			isa = PBXTargetDependency;
			target = C7CBBD631ADE12FF00C82917 /* FingerTouchingArpeggiator */;
			targetProxy = C7CBBD7E1ADE130000C82917 /* PBXContainerItemProxy */;
		};
/* End PBXTargetDependency section */

/* Begin PBXVariantGroup section */
		C7CBBD711ADE130000C82917 /* Main.storyboard */ = {
			isa = PBXVariantGroup;
			children = (
				C7CBBD721ADE130000C82917 /* Base */,
			);
			name = Main.storyboard;
			sourceTree = "<group>";
		};
		C7CBBD761ADE130000C82917 /* LaunchScreen.xib */ = {
			isa = PBXVariantGroup;
			children = (
				C7CBBD771ADE130000C82917 /* Base */,
			);
			name = LaunchScreen.xib;
			sourceTree = "<group>";
		};
/* End PBXVariantGroup section */

/* Begin XCBuildConfiguration section */
		C7CBBD851ADE130000C82917 /* Debug */ = {
			isa = XCBuildConfiguration;
			buildSettings = {
				ALWAYS_SEARCH_USER_PATHS = NO;
				CLANG_CXX_LANGUAGE_STANDARD = "gnu++0x";
				CLANG_CXX_LIBRARY = "libc++";
				CLANG_ENABLE_MODULES = YES;
				CLANG_ENABLE_OBJC_ARC = YES;
				CLANG_WARN_BOOL_CONVERSION = YES;
				CLANG_WARN_CONSTANT_CONVERSION = YES;
				CLANG_WARN_DIRECT_OBJC_ISA_USAGE = YES_ERROR;
				CLANG_WARN_EMPTY_BODY = YES;
				CLANG_WARN_ENUM_CONVERSION = YES;
				CLANG_WARN_INT_CONVERSION = YES;
				CLANG_WARN_OBJC_ROOT_CLASS = YES_ERROR;
				CLANG_WARN_UNREACHABLE_CODE = YES;
				CLANG_WARN__DUPLICATE_METHOD_MATCH = YES;
				CODE_SIGN_IDENTITY = "iPhone Developer: Kazutoshi Kawamura (4F3T74PHBM)";
				"CODE_SIGN_IDENTITY[sdk=iphoneos*]" = "iPhone Developer";
				COPY_PHASE_STRIP = NO;
				ENABLE_STRICT_OBJC_MSGSEND = YES;
				GCC_C_LANGUAGE_STANDARD = gnu99;
				GCC_DYNAMIC_NO_PIC = NO;
				GCC_OPTIMIZATION_LEVEL = 0;
				GCC_PREPROCESSOR_DEFINITIONS = (
					"DEBUG=1",
					"$(inherited)",
				);
				GCC_SYMBOLS_PRIVATE_EXTERN = NO;
				GCC_WARN_64_TO_32_BIT_CONVERSION = YES;
				GCC_WARN_ABOUT_RETURN_TYPE = YES_ERROR;
				GCC_WARN_UNDECLARED_SELECTOR = YES;
				GCC_WARN_UNINITIALIZED_AUTOS = YES_AGGRESSIVE;
				GCC_WARN_UNUSED_FUNCTION = YES;
				GCC_WARN_UNUSED_VARIABLE = YES;
				IPHONEOS_DEPLOYMENT_TARGET = 8.2;
				MTL_ENABLE_DEBUG_INFO = YES;
				ONLY_ACTIVE_ARCH = YES;
				SDKROOT = iphoneos;
			};
			name = Debug;
		};
		C7CBBD861ADE130000C82917 /* Release */ = {
			isa = XCBuildConfiguration;
			buildSettings = {
				ALWAYS_SEARCH_USER_PATHS = NO;
				CLANG_CXX_LANGUAGE_STANDARD = "gnu++0x";
				CLANG_CXX_LIBRARY = "libc++";
				CLANG_ENABLE_MODULES = YES;
				CLANG_ENABLE_OBJC_ARC = YES;
				CLANG_WARN_BOOL_CONVERSION = YES;
				CLANG_WARN_CONSTANT_CONVERSION = YES;
				CLANG_WARN_DIRECT_OBJC_ISA_USAGE = YES_ERROR;
				CLANG_WARN_EMPTY_BODY = YES;
				CLANG_WARN_ENUM_CONVERSION = YES;
				CLANG_WARN_INT_CONVERSION = YES;
				CLANG_WARN_OBJC_ROOT_CLASS = YES_ERROR;
				CLANG_WARN_UNREACHABLE_CODE = YES;
				CLANG_WARN__DUPLICATE_METHOD_MATCH = YES;
				CODE_SIGN_IDENTITY = "iPhone Developer: Kazutoshi Kawamura (4F3T74PHBM)";
				"CODE_SIGN_IDENTITY[sdk=iphoneos*]" = "iPhone Developer";
				COPY_PHASE_STRIP = NO;
				ENABLE_NS_ASSERTIONS = NO;
				ENABLE_STRICT_OBJC_MSGSEND = YES;
				GCC_C_LANGUAGE_STANDARD = gnu99;
				GCC_WARN_64_TO_32_BIT_CONVERSION = YES;
				GCC_WARN_ABOUT_RETURN_TYPE = YES_ERROR;
				GCC_WARN_UNDECLARED_SELECTOR = YES;
				GCC_WARN_UNINITIALIZED_AUTOS = YES_AGGRESSIVE;
				GCC_WARN_UNUSED_FUNCTION = YES;
				GCC_WARN_UNUSED_VARIABLE = YES;
				IPHONEOS_DEPLOYMENT_TARGET = 8.2;
				MTL_ENABLE_DEBUG_INFO = NO;
				SDKROOT = iphoneos;
				VALIDATE_PRODUCT = YES;
			};
			name = Release;
		};
		C7CBBD881ADE130000C82917 /* Debug */ = {
			isa = XCBuildConfiguration;
			buildSettings = {
				ASSETCATALOG_COMPILER_APPICON_NAME = AppIcon;
				CODE_SIGN_IDENTITY = "iPhone Developer";
				"CODE_SIGN_IDENTITY[sdk=iphoneos*]" = "iPhone Developer";
				INFOPLIST_FILE = FingerTouchingArpeggiator/Info.plist;
				IPHONEOS_DEPLOYMENT_TARGET = 7.0;
				LD_RUNPATH_SEARCH_PATHS = "$(inherited) @executable_path/Frameworks";
				PRODUCT_NAME = "$(TARGET_NAME)";
				PROVISIONING_PROFILE = "";
				TARGETED_DEVICE_FAMILY = "1,2";
			};
			name = Debug;
		};
		C7CBBD891ADE130000C82917 /* Release */ = {
			isa = XCBuildConfiguration;
			buildSettings = {
				ASSETCATALOG_COMPILER_APPICON_NAME = AppIcon;
				CODE_SIGN_IDENTITY = "iPhone Developer";
				"CODE_SIGN_IDENTITY[sdk=iphoneos*]" = "iPhone Developer";
				INFOPLIST_FILE = FingerTouchingArpeggiator/Info.plist;
				IPHONEOS_DEPLOYMENT_TARGET = 7.0;
				LD_RUNPATH_SEARCH_PATHS = "$(inherited) @executable_path/Frameworks";
				PRODUCT_NAME = "$(TARGET_NAME)";
				PROVISIONING_PROFILE = "";
				TARGETED_DEVICE_FAMILY = "1,2";
			};
			name = Release;
		};
		C7CBBD8B1ADE130000C82917 /* Debug */ = {
			isa = XCBuildConfiguration;
			buildSettings = {
				BUNDLE_LOADER = "$(TEST_HOST)";
				FRAMEWORK_SEARCH_PATHS = (
					"$(SDKROOT)/Developer/Library/Frameworks",
					"$(inherited)",
				);
				GCC_PREPROCESSOR_DEFINITIONS = (
					"DEBUG=1",
					"$(inherited)",
				);
				INFOPLIST_FILE = FingerTouchingArpeggiatorTests/Info.plist;
				LD_RUNPATH_SEARCH_PATHS = "$(inherited) @executable_path/Frameworks @loader_path/Frameworks";
				PRODUCT_NAME = "$(TARGET_NAME)";
				TEST_HOST = "$(BUILT_PRODUCTS_DIR)/FingerTouchingArpeggiator.app/FingerTouchingArpeggiator";
			};
			name = Debug;
		};
		C7CBBD8C1ADE130000C82917 /* Release */ = {
			isa = XCBuildConfiguration;
			buildSettings = {
				BUNDLE_LOADER = "$(TEST_HOST)";
				FRAMEWORK_SEARCH_PATHS = (
					"$(SDKROOT)/Developer/Library/Frameworks",
					"$(inherited)",
				);
				INFOPLIST_FILE = FingerTouchingArpeggiatorTests/Info.plist;
				LD_RUNPATH_SEARCH_PATHS = "$(inherited) @executable_path/Frameworks @loader_path/Frameworks";
				PRODUCT_NAME = "$(TARGET_NAME)";
				TEST_HOST = "$(BUILT_PRODUCTS_DIR)/FingerTouchingArpeggiator.app/FingerTouchingArpeggiator";
			};
			name = Release;
		};
/* End XCBuildConfiguration section */

/* Begin XCConfigurationList section */
		C7CBBD5F1ADE12FF00C82917 /* Build configuration list for PBXProject "FingerTouchingArpeggiator" */ = {
			isa = XCConfigurationList;
			buildConfigurations = (
				C7CBBD851ADE130000C82917 /* Debug */,
				C7CBBD861ADE130000C82917 /* Release */,
			);
			defaultConfigurationIsVisible = 0;
			defaultConfigurationName = Release;
		};
		C7CBBD871ADE130000C82917 /* Build configuration list for PBXNativeTarget "FingerTouchingArpeggiator" */ = {
			isa = XCConfigurationList;
			buildConfigurations = (
				C7CBBD881ADE130000C82917 /* Debug */,
				C7CBBD891ADE130000C82917 /* Release */,
			);
			defaultConfigurationIsVisible = 0;
			defaultConfigurationName = Release;
		};
		C7CBBD8A1ADE130000C82917 /* Build configuration list for PBXNativeTarget "FingerTouchingArpeggiatorTests" */ = {
			isa = XCConfigurationList;
			buildConfigurations = (
				C7CBBD8B1ADE130000C82917 /* Debug */,
				C7CBBD8C1ADE130000C82917 /* Release */,
			);
			defaultConfigurationIsVisible = 0;
			defaultConfigurationName = Release;
		};
/* End XCConfigurationList section */
	};
	rootObject = C7CBBD5C1ADE12FF00C82917 /* Project object */;
}
